GO_VERSION=1.25.12
GO_DARWIN_ARM64_SHA256=fa2c88bbcf64bd3b2aef355f026cfec6d3a4a01c132f999c8f8c964eb767164f
XCADDY_VERSION=0.4.5
FORWARDPROXY_BASE_COMMIT=d62c80d3dd2c706b6b87579844d2397bddd18317
CADDY_VERSION=2.11.2
CADDY_BASE_COMMIT=ffb6ab0644f24c5ee6542aca6bd59b7a1b0a8f91
CADDY_PATCH_COMMIT=2ff83e69c6a214a512017562c7419703f970912d
CADDY_FORK_VERSION=v2.11.3-0.20260719123240-2ff83e69c6a2
QUIC_GO_VERSION=0.59.0
QUIC_GO_COMMIT=7659dd8e0fa06b41290ad29af323d93d673c6b36
