# M7 BBR combined-server build inputs. Keep M4_TOOLCHAIN.lock unchanged.
GO_VERSION=1.26.0
XCADDY_VERSION=0.4.5
CADDY_VERSION=v2.11.4
CADDY_PATCH_COMMIT=e111f21c85cd70a6d2cab709138bfdb15db84855
CADDY_FORK_VERSION=v2.11.5-0.20260902170454-e111f21c85cd
QUIC_GO_VERSION=v0.62.1-0.20260902170459-af5cf06bcc93
QUIC_GO_COMMIT=af5cf06bcc93b32ac19bad75f4669465ed6e8f11
