# M7 BBR combined-server build inputs. Keep M4_TOOLCHAIN.lock unchanged.
GO_VERSION=1.26.0
XCADDY_VERSION=0.4.5
CADDY_VERSION=v2.11.4
CADDY_PATCH_COMMIT=bf677f58c75d7ed4e31ca5a58dc432026dff8986
CADDY_FORK_VERSION=v2.11.5-0.20260902183742-bf677f58c75d
QUIC_GO_VERSION=v0.62.1-0.20260902183743-70dba6817bbb
QUIC_GO_COMMIT=70dba6817bbba31571763333a9e6b28c71930b50
