# M7 BBR combined-server build inputs. Keep M4_TOOLCHAIN.lock unchanged.
GO_VERSION=1.25.12
XCADDY_VERSION=0.4.5
CADDY_VERSION=v2.11.2
CADDY_PATCH_COMMIT=3bcce47fa48fec241072539d061cb7429f443f5a
CADDY_FORK_VERSION=v2.11.3-0.20260901175121-3bcce47fa48f
QUIC_GO_VERSION=v0.59.1-0.20260901171950-f84ad47630af
QUIC_GO_COMMIT=f84ad47630af13742b99c769f2e4af3bdb59ac5f
